
Microsoft Visual Studio Solution File, Format Version 12.00
# Visual Studio Version 16
VisualStudioVersion = 16.0.29102.190
MinimumVisualStudioVersion = 10.0.40219.1
Project("{8BC9CEB8-8B4A-11D0-8D11-00A0C91BC942}") = "BatteryBabysitter", "BatteryBabysitter.vcxproj", "{22DBACC9-C44E-49C7-B6D3-0982320BF6C2}"
EndProject
Global
	GlobalSection(SolutionConfigurationPlatforms) = preSolution
		Debug|x64 = Debug|x64
		Debug|x86 = Debug|x86
		Release|x64 = Release|x64
		Release|x86 = Release|x86
	EndGlobalSection
	GlobalSection(ProjectConfigurationPlatforms) = postSolution
		{22DBACC9-C44E-49C7-B6D3-0982320BF6C2}.Debug|x64.ActiveCfg = Debug|x64
		{22DBACC9-C44E-49C7-B6D3-0982320BF6C2}.Debug|x64.Build.0 = Debug|x64
		{22DBACC9-C44E-49C7-B6D3-0982320BF6C2}.Debug|x86.ActiveCfg = Debug|Win32
		{22DBACC9-C44E-49C7-B6D3-0982320BF6C2}.Debug|x86.Build.0 = Debug|Win32
		{22DBACC9-C44E-49C7-B6D3-0982320BF6C2}.Release|x64.ActiveCfg = Release|x64
		{22DBACC9-C44E-49C7-B6D3-0982320BF6C2}.Release|x64.Build.0 = Release|x64
		{22DBACC9-C44E-49C7-B6D3-0982320BF6C2}.Release|x86.ActiveCfg = Release|Win32
		{22DBACC9-C44E-49C7-B6D3-0982320BF6C2}.Release|x86.Build.0 = Release|Win32
	EndGlobalSection
	GlobalSection(SolutionProperties) = preSolution
		HideSolutionNode = FALSE
	EndGlobalSection
	GlobalSection(ExtensibilityGlobals) = postSolution
		SolutionGuid = {2A123042-BD76-4CA7-B35F-D15351BE22C5}
	EndGlobalSection
EndGlobal
